// !$*UTF8*$!
{
	archiveVersion = 1;
	classes = {
	};
	objectVersion = 55;
	objects = {

/* Begin PBXBuildFile section */
		A315D2B6290BA95F0032173C /* Kingfisher in Frameworks */ = {isa = PBXBuildFile; productRef = A315D2B5290BA95F0032173C /* Kingfisher */; };
		A31F021E2903350A00F329D3 /* MovieDetailsContainerVC.swift in Sources */ = {isa = PBXBuildFile; fileRef = A31F021C2903350A00F329D3 /* MovieDetailsContainerVC.swift */; };
		A31F021F2903350A00F329D3 /* MovieDetailsContainerVC.xib in Resources */ = {isa = PBXBuildFile; fileRef = A31F021D2903350A00F329D3 /* MovieDetailsContainerVC.xib */; };
		A31F022129033E9200F329D3 /* UIViewController+addChildVC.swift in Sources */ = {isa = PBXBuildFile; fileRef = A31F022029033E9200F329D3 /* UIViewController+addChildVC.swift */; };
		A31F02232903B89E00F329D3 /* UICollectionView+Extensions.swift in Sources */ = {isa = PBXBuildFile; fileRef = A31F02222903B89E00F329D3 /* UICollectionView+Extensions.swift */; };
		A31F02252903BB7A00F329D3 /* UIViewcontroller+activityIndicator.swift in Sources */ = {isa = PBXBuildFile; fileRef = A31F02242903BB7A00F329D3 /* UIViewcontroller+activityIndicator.swift */; };
		A31F02292903C0F700F329D3 /* UIViewController+alert.swift in Sources */ = {isa = PBXBuildFile; fileRef = A31F02282903C0F700F329D3 /* UIViewController+alert.swift */; };
		A31F022F2903C7A800F329D3 /* SimilarMoviesVC.xib in Resources */ = {isa = PBXBuildFile; fileRef = A31F022C2903C7A800F329D3 /* SimilarMoviesVC.xib */; };
		A31F02302903C7A800F329D3 /* SimilarMoviesPresenter.swift in Sources */ = {isa = PBXBuildFile; fileRef = A31F022D2903C7A800F329D3 /* SimilarMoviesPresenter.swift */; };
		A31F02312903C7A800F329D3 /* SimilarMoviesVC.swift in Sources */ = {isa = PBXBuildFile; fileRef = A31F022E2903C7A800F329D3 /* SimilarMoviesVC.swift */; };
		A31F02332903C99700F329D3 /* SimilarMoviesService.swift in Sources */ = {isa = PBXBuildFile; fileRef = A31F02322903C99700F329D3 /* SimilarMoviesService.swift */; };
		A31F02352903CA3500F329D3 /* SimilarMoviesUseCase.swift in Sources */ = {isa = PBXBuildFile; fileRef = A31F02342903CA3500F329D3 /* SimilarMoviesUseCase.swift */; };
		A31F02372903CAD700F329D3 /* SimilarMoviesRequest.swift in Sources */ = {isa = PBXBuildFile; fileRef = A31F02362903CAD700F329D3 /* SimilarMoviesRequest.swift */; };
		A31F023A2903D34700F329D3 /* SimilarMoviesCollectionViewDataSource.swift in Sources */ = {isa = PBXBuildFile; fileRef = A31F02392903D34700F329D3 /* SimilarMoviesCollectionViewDataSource.swift */; };
		A31F023C2903D3DA00F329D3 /* SimilarMoviesCollectionViewDelegateFlowLayout.swift in Sources */ = {isa = PBXBuildFile; fileRef = A31F023B2903D3DA00F329D3 /* SimilarMoviesCollectionViewDelegateFlowLayout.swift */; };
		A31F02402903D58800F329D3 /* SimilarMovieCell.swift in Sources */ = {isa = PBXBuildFile; fileRef = A31F023E2903D58800F329D3 /* SimilarMovieCell.swift */; };
		A31F02412903D58800F329D3 /* SimilarMovieCell.xib in Resources */ = {isa = PBXBuildFile; fileRef = A31F023F2903D58800F329D3 /* SimilarMovieCell.xib */; };
		A34CE8B2291CB710005926C6 /* Resources.swift in Sources */ = {isa = PBXBuildFile; fileRef = A34CE8B1291CB710005926C6 /* Resources.swift */; };
		A34DC84B290667CD00D15185 /* WatchlistUseCase.swift in Sources */ = {isa = PBXBuildFile; fileRef = A34DC84A290667CD00D15185 /* WatchlistUseCase.swift */; };
		A36622B5290112F6006B9E4C /* AppDelegate.swift in Sources */ = {isa = PBXBuildFile; fileRef = A36622B4290112F6006B9E4C /* AppDelegate.swift */; };
		A36622BE290112F7006B9E4C /* Assets.xcassets in Resources */ = {isa = PBXBuildFile; fileRef = A36622BD290112F7006B9E4C /* Assets.xcassets */; };
		A36622C1290112F7006B9E4C /* LaunchScreen.storyboard in Resources */ = {isa = PBXBuildFile; fileRef = A36622BF290112F7006B9E4C /* LaunchScreen.storyboard */; };
		A36622CC29011BAD006B9E4C /* MovieListVC.swift in Sources */ = {isa = PBXBuildFile; fileRef = A36622CA29011BAD006B9E4C /* MovieListVC.swift */; };
		A36622CD29011BAD006B9E4C /* MovieListVC.xib in Resources */ = {isa = PBXBuildFile; fileRef = A36622CB29011BAD006B9E4C /* MovieListVC.xib */; };
		A36622CF29011D74006B9E4C /* MovieListPresenter.swift in Sources */ = {isa = PBXBuildFile; fileRef = A36622CE29011D74006B9E4C /* MovieListPresenter.swift */; };
		A36622D229012493006B9E4C /* PopularMoviesUseCase.swift in Sources */ = {isa = PBXBuildFile; fileRef = A36622D129012493006B9E4C /* PopularMoviesUseCase.swift */; };
		A36622D42901B1C2006B9E4C /* PopularMoviesService.swift in Sources */ = {isa = PBXBuildFile; fileRef = A36622D32901B1C2006B9E4C /* PopularMoviesService.swift */; };
		A36622D62901B2F9006B9E4C /* URLSessionClient.swift in Sources */ = {isa = PBXBuildFile; fileRef = A36622D52901B2F9006B9E4C /* URLSessionClient.swift */; };
		A36622D92901BA87006B9E4C /* NetworkingRequest.swift in Sources */ = {isa = PBXBuildFile; fileRef = A36622D82901BA87006B9E4C /* NetworkingRequest.swift */; };
		A36622DC2901BAD3006B9E4C /* PopularMoviesRequest.swift in Sources */ = {isa = PBXBuildFile; fileRef = A36622DB2901BAD3006B9E4C /* PopularMoviesRequest.swift */; };
		A36622DE2901BFA4006B9E4C /* HTTPMethod.swift in Sources */ = {isa = PBXBuildFile; fileRef = A36622DD2901BFA4006B9E4C /* HTTPMethod.swift */; };
		A36622E02901C1D0006B9E4C /* MoviesResponse.swift in Sources */ = {isa = PBXBuildFile; fileRef = A36622DF2901C1D0006B9E4C /* MoviesResponse.swift */; };
		A36622E22901C6AD006B9E4C /* NetworkError.swift in Sources */ = {isa = PBXBuildFile; fileRef = A36622E12901C6AD006B9E4C /* NetworkError.swift */; };
		A36622E42901C93C006B9E4C /* NetworkingConstants.swift in Sources */ = {isa = PBXBuildFile; fileRef = A36622E32901C93C006B9E4C /* NetworkingConstants.swift */; };
		A36622E62901CDA0006B9E4C /* Movie.swift in Sources */ = {isa = PBXBuildFile; fileRef = A36622E52901CDA0006B9E4C /* Movie.swift */; };
		A36622EF2901DA19006B9E4C /* HTTPClient.swift in Sources */ = {isa = PBXBuildFile; fileRef = A36622EE2901DA19006B9E4C /* HTTPClient.swift */; };
		A36622F72901DCDE006B9E4C /* MovieListPresenterTests.swift in Sources */ = {isa = PBXBuildFile; fileRef = A36622F62901DCDE006B9E4C /* MovieListPresenterTests.swift */; };
		A36622FE2901E134006B9E4C /* MockPopularMoviesResponse.swift in Sources */ = {isa = PBXBuildFile; fileRef = A36622FD2901E134006B9E4C /* MockPopularMoviesResponse.swift */; };
		A36623012901E456006B9E4C /* SpyMovieListView.swift in Sources */ = {isa = PBXBuildFile; fileRef = A36623002901E456006B9E4C /* SpyMovieListView.swift */; };
		A36623032901E473006B9E4C /* MockServices.swift in Sources */ = {isa = PBXBuildFile; fileRef = A36623022901E473006B9E4C /* MockServices.swift */; };
		A3A7E0DA29026C08009AD2E5 /* MovieListTableViewDataSource.swift in Sources */ = {isa = PBXBuildFile; fileRef = A3A7E0D929026C08009AD2E5 /* MovieListTableViewDataSource.swift */; };
		A3A7E0DC29029697009AD2E5 /* MovieListTableViewDelegate.swift in Sources */ = {isa = PBXBuildFile; fileRef = A3A7E0DB29029697009AD2E5 /* MovieListTableViewDelegate.swift */; };
		A3A7E0DF29029794009AD2E5 /* MovieCell.swift in Sources */ = {isa = PBXBuildFile; fileRef = A3A7E0DD29029794009AD2E5 /* MovieCell.swift */; };
		A3A7E0E029029794009AD2E5 /* MovieCell.xib in Resources */ = {isa = PBXBuildFile; fileRef = A3A7E0DE29029794009AD2E5 /* MovieCell.xib */; };
		A3A7E0E429029B84009AD2E5 /* UITableView+Extensions.swift in Sources */ = {isa = PBXBuildFile; fileRef = A3A7E0E329029B84009AD2E5 /* UITableView+Extensions.swift */; };
		A3A7E0E62902AAD3009AD2E5 /* SearchMoviesService.swift in Sources */ = {isa = PBXBuildFile; fileRef = A3A7E0E52902AAD3009AD2E5 /* SearchMoviesService.swift */; };
		A3A7E0E82902AC40009AD2E5 /* SearchMoviesUseCase.swift in Sources */ = {isa = PBXBuildFile; fileRef = A3A7E0E72902AC40009AD2E5 /* SearchMoviesUseCase.swift */; };
		A3A7E0EA2902B0C4009AD2E5 /* MoviesSearchRequest.swift in Sources */ = {isa = PBXBuildFile; fileRef = A3A7E0E92902B0C4009AD2E5 /* MoviesSearchRequest.swift */; };
		A3A7E0EC2902B96F009AD2E5 /* MoviesResponseMapper.swift in Sources */ = {isa = PBXBuildFile; fileRef = A3A7E0EB2902B96F009AD2E5 /* MoviesResponseMapper.swift */; };
		A3A7E0F22902C601009AD2E5 /* Debouncer.swift in Sources */ = {isa = PBXBuildFile; fileRef = A3A7E0F12902C601009AD2E5 /* Debouncer.swift */; };
		A3A7E0F42902D178009AD2E5 /* Coordinator.swift in Sources */ = {isa = PBXBuildFile; fileRef = A3A7E0F32902D178009AD2E5 /* Coordinator.swift */; };
		A3A7E0F72902D7B7009AD2E5 /* MovieListCoordinator.swift in Sources */ = {isa = PBXBuildFile; fileRef = A3A7E0F62902D7B7009AD2E5 /* MovieListCoordinator.swift */; };
		A3A7E0F92902D7EE009AD2E5 /* DependencyFactory.swift in Sources */ = {isa = PBXBuildFile; fileRef = A3A7E0F82902D7EE009AD2E5 /* DependencyFactory.swift */; };
		A3A7E0FB2902E039009AD2E5 /* MoviesSearchBarDelegate.swift in Sources */ = {isa = PBXBuildFile; fileRef = A3A7E0FA2902E039009AD2E5 /* MoviesSearchBarDelegate.swift */; };
		A3A7E0FF2902E490009AD2E5 /* MovieDetailsVC.swift in Sources */ = {isa = PBXBuildFile; fileRef = A3A7E0FD2902E490009AD2E5 /* MovieDetailsVC.swift */; };
		A3A7E1002902E490009AD2E5 /* MovieDetailsVC.xib in Resources */ = {isa = PBXBuildFile; fileRef = A3A7E0FE2902E490009AD2E5 /* MovieDetailsVC.xib */; };
		A3A7E1022902E6F7009AD2E5 /* MovieDetailsPresenter.swift in Sources */ = {isa = PBXBuildFile; fileRef = A3A7E1012902E6F7009AD2E5 /* MovieDetailsPresenter.swift */; };
		A3A7E1042902EBB3009AD2E5 /* MovieDetailsUseCase.swift in Sources */ = {isa = PBXBuildFile; fileRef = A3A7E1032902EBB3009AD2E5 /* MovieDetailsUseCase.swift */; };
		A3A7E1062902EC01009AD2E5 /* MovieDetailsService.swift in Sources */ = {isa = PBXBuildFile; fileRef = A3A7E1052902EC01009AD2E5 /* MovieDetailsService.swift */; };
		A3A7E1082902ECDC009AD2E5 /* MovieDetailsRequest.swift in Sources */ = {isa = PBXBuildFile; fileRef = A3A7E1072902ECDC009AD2E5 /* MovieDetailsRequest.swift */; };
		A3A7E10B2902F0F3009AD2E5 /* MovieResponseMapper.swift in Sources */ = {isa = PBXBuildFile; fileRef = A3A7E10A2902F0F3009AD2E5 /* MovieResponseMapper.swift */; };
		A3A7E10D2902F3AE009AD2E5 /* MovieDetails.swift in Sources */ = {isa = PBXBuildFile; fileRef = A3A7E10C2902F3AE009AD2E5 /* MovieDetails.swift */; };
		A3BC11E129050FB0001B8857 /* CastResponse.swift in Sources */ = {isa = PBXBuildFile; fileRef = A3BC11E029050FB0001B8857 /* CastResponse.swift */; };
		A3BC11E3290510AD001B8857 /* MovieCastService.swift in Sources */ = {isa = PBXBuildFile; fileRef = A3BC11E2290510AD001B8857 /* MovieCastService.swift */; };
		A3BC11E52905113A001B8857 /* MovieCastRequest.swift in Sources */ = {isa = PBXBuildFile; fileRef = A3BC11E42905113A001B8857 /* MovieCastRequest.swift */; };
		A3BC11E7290511B6001B8857 /* MovieCastUseCase.swift in Sources */ = {isa = PBXBuildFile; fileRef = A3BC11E6290511B6001B8857 /* MovieCastUseCase.swift */; };
		A3BC11EF290513DD001B8857 /* MoviesCastVC.swift in Sources */ = {isa = PBXBuildFile; fileRef = A3BC11ED290513DD001B8857 /* MoviesCastVC.swift */; };
		A3BC11F0290513DD001B8857 /* MoviesCastVC.xib in Resources */ = {isa = PBXBuildFile; fileRef = A3BC11EE290513DD001B8857 /* MoviesCastVC.xib */; };
		A3BC11F2290531C6001B8857 /* MoviesCastPresenter.swift in Sources */ = {isa = PBXBuildFile; fileRef = A3BC11F1290531C6001B8857 /* MoviesCastPresenter.swift */; };
		A3BC11F5290534EE001B8857 /* Cast.swift in Sources */ = {isa = PBXBuildFile; fileRef = A3BC11F4290534EE001B8857 /* Cast.swift */; };
		A3BC11F72905351D001B8857 /* MovieCastResponseMapper.swift in Sources */ = {isa = PBXBuildFile; fileRef = A3BC11F62905351D001B8857 /* MovieCastResponseMapper.swift */; };
		A3BC11FA29054013001B8857 /* BaseVC.swift in Sources */ = {isa = PBXBuildFile; fileRef = A3BC11F929054013001B8857 /* BaseVC.swift */; };
		A3BC11FC29054039001B8857 /* BasePresenter.swift in Sources */ = {isa = PBXBuildFile; fileRef = A3BC11FB29054039001B8857 /* BasePresenter.swift */; };
		A3BC11FE2905426C001B8857 /* UIImageView+setImage.swift in Sources */ = {isa = PBXBuildFile; fileRef = A3BC11FD2905426C001B8857 /* UIImageView+setImage.swift */; };
		A3BC120229054959001B8857 /* ActorsCollectionViewDataSource.swift in Sources */ = {isa = PBXBuildFile; fileRef = A3BC120129054959001B8857 /* ActorsCollectionViewDataSource.swift */; };
		A3BC120429054AD2001B8857 /* ActorsCollectionViewDelegateFlowLayout.swift in Sources */ = {isa = PBXBuildFile; fileRef = A3BC120329054AD2001B8857 /* ActorsCollectionViewDelegateFlowLayout.swift */; };
		A3F12ABF2905528100C018CB /* CastCell.swift in Sources */ = {isa = PBXBuildFile; fileRef = A3F12ABD2905528100C018CB /* CastCell.swift */; };
		A3F12AC02905528100C018CB /* CastCell.xib in Resources */ = {isa = PBXBuildFile; fileRef = A3F12ABE2905528100C018CB /* CastCell.xib */; };
		A3F12AC429055AA300C018CB /* DirectorsCollectionViewDataSource.swift in Sources */ = {isa = PBXBuildFile; fileRef = A3F12AC229055AA300C018CB /* DirectorsCollectionViewDataSource.swift */; };
		A3F12AC529055AA300C018CB /* DirectorsCollectionViewDelegateFlowLayout.swift in Sources */ = {isa = PBXBuildFile; fileRef = A3F12AC329055AA300C018CB /* DirectorsCollectionViewDelegateFlowLayout.swift */; };
		A3F12AC72905638900C018CB /* WatchlistDataStore.swift in Sources */ = {isa = PBXBuildFile; fileRef = A3F12AC62905638900C018CB /* WatchlistDataStore.swift */; };
		A3F5B20F2905D95C004E07F3 /* MockSearchMoviesResponse.swift in Sources */ = {isa = PBXBuildFile; fileRef = A3F5B20E2905D95C004E07F3 /* MockSearchMoviesResponse.swift */; };
		A3F5B2112905DAA4004E07F3 /* SpyCoordinator.swift in Sources */ = {isa = PBXBuildFile; fileRef = A3F5B2102905DAA4004E07F3 /* SpyCoordinator.swift */; };
		A3F5B2132905DAC5004E07F3 /* FakeWatchlistDataStore.swift in Sources */ = {isa = PBXBuildFile; fileRef = A3F5B2122905DAC5004E07F3 /* FakeWatchlistDataStore.swift */; };
		A3F5B2152905E143004E07F3 /* MovieDetailsPresenterTests.swift in Sources */ = {isa = PBXBuildFile; fileRef = A3F5B2142905E143004E07F3 /* MovieDetailsPresenterTests.swift */; };
		A3F5B2172905E2BE004E07F3 /* SpyMovieDetailsView.swift in Sources */ = {isa = PBXBuildFile; fileRef = A3F5B2162905E2BE004E07F3 /* SpyMovieDetailsView.swift */; };
		A3F5B21C2905E3E5004E07F3 /* MockMovieResponse.swift in Sources */ = {isa = PBXBuildFile; fileRef = A3F5B21B2905E3E5004E07F3 /* MockMovieResponse.swift */; };
		A3F5B21E2905E87A004E07F3 /* SimilarMoviesPresenterTests.swift in Sources */ = {isa = PBXBuildFile; fileRef = A3F5B21D2905E87A004E07F3 /* SimilarMoviesPresenterTests.swift */; };
		A3F5B2222905EB64004E07F3 /* SpySimilarMoviesView.swift in Sources */ = {isa = PBXBuildFile; fileRef = A3F5B2212905EB64004E07F3 /* SpySimilarMoviesView.swift */; };
		A3F5B2242905EDC3004E07F3 /* MoviesCastPresenterTests.swift in Sources */ = {isa = PBXBuildFile; fileRef = A3F5B2232905EDC3004E07F3 /* MoviesCastPresenterTests.swift */; };
		A3F5B2262905EEB0004E07F3 /* SpyMoviesCastView.swift in Sources */ = {isa = PBXBuildFile; fileRef = A3F5B2252905EEB0004E07F3 /* SpyMoviesCastView.swift */; };
		A3F5B2292905EFB5004E07F3 /* MockCastResponse.swift in Sources */ = {isa = PBXBuildFile; fileRef = A3F5B2282905EFB5004E07F3 /* MockCastResponse.swift */; };
/* End PBXBuildFile section */

/* Begin PBXContainerItemProxy section */
		A36622F82901DCDE006B9E4C /* PBXContainerItemProxy */ = {
			isa = PBXContainerItemProxy;
			containerPortal = A36622A9290112F6006B9E4C /* Project object */;
			proxyType = 1;
			remoteGlobalIDString = A36622B0290112F6006B9E4C;
			remoteInfo = TheMovieDB;
		};
/* End PBXContainerItemProxy section */

/* Begin PBXFileReference section */
		A31F021C2903350A00F329D3 /* MovieDetailsContainerVC.swift */ = {isa = PBXFileReference; lastKnownFileType = sourcecode.swift; path = MovieDetailsContainerVC.swift; sourceTree = "<group>"; };
		A31F021D2903350A00F329D3 /* MovieDetailsContainerVC.xib */ = {isa = PBXFileReference; lastKnownFileType = file.xib; path = MovieDetailsContainerVC.xib; sourceTree = "<group>"; };
		A31F022029033E9200F329D3 /* UIViewController+addChildVC.swift */ = {isa = PBXFileReference; lastKnownFileType = sourcecode.swift; path = "UIViewController+addChildVC.swift"; sourceTree = "<group>"; };
		A31F02222903B89E00F329D3 /* UICollectionView+Extensions.swift */ = {isa = PBXFileReference; lastKnownFileType = sourcecode.swift; path = "UICollectionView+Extensions.swift"; sourceTree = "<group>"; };
		A31F02242903BB7A00F329D3 /* UIViewcontroller+activityIndicator.swift */ = {isa = PBXFileReference; lastKnownFileType = sourcecode.swift; path = "UIViewcontroller+activityIndicator.swift"; sourceTree = "<group>"; };
		A31F02282903C0F700F329D3 /* UIViewController+alert.swift */ = {isa = PBXFileReference; lastKnownFileType = sourcecode.swift; path = "UIViewController+alert.swift"; sourceTree = "<group>"; };
		A31F022C2903C7A800F329D3 /* SimilarMoviesVC.xib */ = {isa = PBXFileReference; fileEncoding = 4; lastKnownFileType = file.xib; path = SimilarMoviesVC.xib; sourceTree = "<group>"; };
		A31F022D2903C7A800F329D3 /* SimilarMoviesPresenter.swift */ = {isa = PBXFileReference; fileEncoding = 4; lastKnownFileType = sourcecode.swift; path = SimilarMoviesPresenter.swift; sourceTree = "<group>"; };
		A31F022E2903C7A800F329D3 /* SimilarMoviesVC.swift */ = {isa = PBXFileReference; fileEncoding = 4; lastKnownFileType = sourcecode.swift; path = SimilarMoviesVC.swift; sourceTree = "<group>"; };
		A31F02322903C99700F329D3 /* SimilarMoviesService.swift */ = {isa = PBXFileReference; lastKnownFileType = sourcecode.swift; path = SimilarMoviesService.swift; sourceTree = "<group>"; };
		A31F02342903CA3500F329D3 /* SimilarMoviesUseCase.swift */ = {isa = PBXFileReference; lastKnownFileType = sourcecode.swift; path = SimilarMoviesUseCase.swift; sourceTree = "<group>"; };
		A31F02362903CAD700F329D3 /* SimilarMoviesRequest.swift */ = {isa = PBXFileReference; lastKnownFileType = sourcecode.swift; path = SimilarMoviesRequest.swift; sourceTree = "<group>"; };
		A31F02392903D34700F329D3 /* SimilarMoviesCollectionViewDataSource.swift */ = {isa = PBXFileReference; lastKnownFileType = sourcecode.swift; path = SimilarMoviesCollectionViewDataSource.swift; sourceTree = "<group>"; };
		A31F023B2903D3DA00F329D3 /* SimilarMoviesCollectionViewDelegateFlowLayout.swift */ = {isa = PBXFileReference; lastKnownFileType = sourcecode.swift; path = SimilarMoviesCollectionViewDelegateFlowLayout.swift; sourceTree = "<group>"; };
		A31F023E2903D58800F329D3 /* SimilarMovieCell.swift */ = {isa = PBXFileReference; lastKnownFileType = sourcecode.swift; path = SimilarMovieCell.swift; sourceTree = "<group>"; };
		A31F023F2903D58800F329D3 /* SimilarMovieCell.xib */ = {isa = PBXFileReference; lastKnownFileType = file.xib; path = SimilarMovieCell.xib; sourceTree = "<group>"; };
		A34CE8B1291CB710005926C6 /* Resources.swift */ = {isa = PBXFileReference; lastKnownFileType = sourcecode.swift; path = Resources.swift; sourceTree = "<group>"; };
		A34DC84A290667CD00D15185 /* WatchlistUseCase.swift */ = {isa = PBXFileReference; lastKnownFileType = sourcecode.swift; path = WatchlistUseCase.swift; sourceTree = "<group>"; };
		A36622B1290112F6006B9E4C /* TheMovieDB.app */ = {isa = PBXFileReference; explicitFileType = wrapper.application; includeInIndex = 0; path = TheMovieDB.app; sourceTree = BUILT_PRODUCTS_DIR; };
		A36622B4290112F6006B9E4C /* AppDelegate.swift */ = {isa = PBXFileReference; lastKnownFileType = sourcecode.swift; path = AppDelegate.swift; sourceTree = "<group>"; };
		A36622BD290112F7006B9E4C /* Assets.xcassets */ = {isa = PBXFileReference; lastKnownFileType = folder.assetcatalog; path = Assets.xcassets; sourceTree = "<group>"; };
		A36622C0290112F7006B9E4C /* Base */ = {isa = PBXFileReference; lastKnownFileType = file.storyboard; name = Base; path = Base.lproj/LaunchScreen.storyboard; sourceTree = "<group>"; };
		A36622C2290112F7006B9E4C /* Info.plist */ = {isa = PBXFileReference; lastKnownFileType = text.plist.xml; path = Info.plist; sourceTree = "<group>"; };
		A36622CA29011BAD006B9E4C /* MovieListVC.swift */ = {isa = PBXFileReference; lastKnownFileType = sourcecode.swift; path = MovieListVC.swift; sourceTree = "<group>"; };
		A36622CB29011BAD006B9E4C /* MovieListVC.xib */ = {isa = PBXFileReference; lastKnownFileType = file.xib; path = MovieListVC.xib; sourceTree = "<group>"; };
		A36622CE29011D74006B9E4C /* MovieListPresenter.swift */ = {isa = PBXFileReference; lastKnownFileType = sourcecode.swift; path = MovieListPresenter.swift; sourceTree = "<group>"; };
		A36622D129012493006B9E4C /* PopularMoviesUseCase.swift */ = {isa = PBXFileReference; lastKnownFileType = sourcecode.swift; path = PopularMoviesUseCase.swift; sourceTree = "<group>"; };
		A36622D32901B1C2006B9E4C /* PopularMoviesService.swift */ = {isa = PBXFileReference; lastKnownFileType = sourcecode.swift; path = PopularMoviesService.swift; sourceTree = "<group>"; };
		A36622D52901B2F9006B9E4C /* URLSessionClient.swift */ = {isa = PBXFileReference; lastKnownFileType = sourcecode.swift; path = URLSessionClient.swift; sourceTree = "<group>"; };
		A36622D82901BA87006B9E4C /* NetworkingRequest.swift */ = {isa = PBXFileReference; lastKnownFileType = sourcecode.swift; path = NetworkingRequest.swift; sourceTree = "<group>"; };
		A36622DB2901BAD3006B9E4C /* PopularMoviesRequest.swift */ = {isa = PBXFileReference; lastKnownFileType = sourcecode.swift; path = PopularMoviesRequest.swift; sourceTree = "<group>"; };
		A36622DD2901BFA4006B9E4C /* HTTPMethod.swift */ = {isa = PBXFileReference; lastKnownFileType = sourcecode.swift; path = HTTPMethod.swift; sourceTree = "<group>"; };
		A36622DF2901C1D0006B9E4C /* MoviesResponse.swift */ = {isa = PBXFileReference; lastKnownFileType = sourcecode.swift; path = MoviesResponse.swift; sourceTree = "<group>"; };
		A36622E12901C6AD006B9E4C /* NetworkError.swift */ = {isa = PBXFileReference; lastKnownFileType = sourcecode.swift; path = NetworkError.swift; sourceTree = "<group>"; };
		A36622E32901C93C006B9E4C /* NetworkingConstants.swift */ = {isa = PBXFileReference; lastKnownFileType = sourcecode.swift; path = NetworkingConstants.swift; sourceTree = "<group>"; };
		A36622E52901CDA0006B9E4C /* Movie.swift */ = {isa = PBXFileReference; lastKnownFileType = sourcecode.swift; path = Movie.swift; sourceTree = "<group>"; };
		A36622EE2901DA19006B9E4C /* HTTPClient.swift */ = {isa = PBXFileReference; lastKnownFileType = sourcecode.swift; path = HTTPClient.swift; sourceTree = "<group>"; };
		A36622F42901DCDE006B9E4C /* TheMovieDBTests.xctest */ = {isa = PBXFileReference; explicitFileType = wrapper.cfbundle; includeInIndex = 0; path = TheMovieDBTests.xctest; sourceTree = BUILT_PRODUCTS_DIR; };
		A36622F62901DCDE006B9E4C /* MovieListPresenterTests.swift */ = {isa = PBXFileReference; lastKnownFileType = sourcecode.swift; path = MovieListPresenterTests.swift; sourceTree = "<group>"; };
		A36622FD2901E134006B9E4C /* MockPopularMoviesResponse.swift */ = {isa = PBXFileReference; lastKnownFileType = sourcecode.swift; path = MockPopularMoviesResponse.swift; sourceTree = "<group>"; };
		A36623002901E456006B9E4C /* SpyMovieListView.swift */ = {isa = PBXFileReference; lastKnownFileType = sourcecode.swift; path = SpyMovieListView.swift; sourceTree = "<group>"; };
		A36623022901E473006B9E4C /* MockServices.swift */ = {isa = PBXFileReference; lastKnownFileType = sourcecode.swift; path = MockServices.swift; sourceTree = "<group>"; };
		A3A7E0D929026C08009AD2E5 /* MovieListTableViewDataSource.swift */ = {isa = PBXFileReference; lastKnownFileType = sourcecode.swift; path = MovieListTableViewDataSource.swift; sourceTree = "<group>"; };
		A3A7E0DB29029697009AD2E5 /* MovieListTableViewDelegate.swift */ = {isa = PBXFileReference; lastKnownFileType = sourcecode.swift; path = MovieListTableViewDelegate.swift; sourceTree = "<group>"; };
		A3A7E0DD29029794009AD2E5 /* MovieCell.swift */ = {isa = PBXFileReference; lastKnownFileType = sourcecode.swift; path = MovieCell.swift; sourceTree = "<group>"; };
		A3A7E0DE29029794009AD2E5 /* MovieCell.xib */ = {isa = PBXFileReference; lastKnownFileType = file.xib; path = MovieCell.xib; sourceTree = "<group>"; };
		A3A7E0E329029B84009AD2E5 /* UITableView+Extensions.swift */ = {isa = PBXFileReference; lastKnownFileType = sourcecode.swift; path = "UITableView+Extensions.swift"; sourceTree = "<group>"; };
		A3A7E0E52902AAD3009AD2E5 /* SearchMoviesService.swift */ = {isa = PBXFileReference; lastKnownFileType = sourcecode.swift; path = SearchMoviesService.swift; sourceTree = "<group>"; };
		A3A7E0E72902AC40009AD2E5 /* SearchMoviesUseCase.swift */ = {isa = PBXFileReference; lastKnownFileType = sourcecode.swift; path = SearchMoviesUseCase.swift; sourceTree = "<group>"; };
		A3A7E0E92902B0C4009AD2E5 /* MoviesSearchRequest.swift */ = {isa = PBXFileReference; lastKnownFileType = sourcecode.swift; path = MoviesSearchRequest.swift; sourceTree = "<group>"; };
		A3A7E0EB2902B96F009AD2E5 /* MoviesResponseMapper.swift */ = {isa = PBXFileReference; lastKnownFileType = sourcecode.swift; path = MoviesResponseMapper.swift; sourceTree = "<group>"; };
		A3A7E0F12902C601009AD2E5 /* Debouncer.swift */ = {isa = PBXFileReference; lastKnownFileType = sourcecode.swift; path = Debouncer.swift; sourceTree = "<group>"; };
		A3A7E0F32902D178009AD2E5 /* Coordinator.swift */ = {isa = PBXFileReference; lastKnownFileType = sourcecode.swift; path = Coordinator.swift; sourceTree = "<group>"; };
		A3A7E0F62902D7B7009AD2E5 /* MovieListCoordinator.swift */ = {isa = PBXFileReference; lastKnownFileType = sourcecode.swift; path = MovieListCoordinator.swift; sourceTree = "<group>"; };
		A3A7E0F82902D7EE009AD2E5 /* DependencyFactory.swift */ = {isa = PBXFileReference; lastKnownFileType = sourcecode.swift; path = DependencyFactory.swift; sourceTree = "<group>"; };
		A3A7E0FA2902E039009AD2E5 /* MoviesSearchBarDelegate.swift */ = {isa = PBXFileReference; lastKnownFileType = sourcecode.swift; path = MoviesSearchBarDelegate.swift; sourceTree = "<group>"; };
		A3A7E0FD2902E490009AD2E5 /* MovieDetailsVC.swift */ = {isa = PBXFileReference; lastKnownFileType = sourcecode.swift; path = MovieDetailsVC.swift; sourceTree = "<group>"; };
		A3A7E0FE2902E490009AD2E5 /* MovieDetailsVC.xib */ = {isa = PBXFileReference; lastKnownFileType = file.xib; path = MovieDetailsVC.xib; sourceTree = "<group>"; };
		A3A7E1012902E6F7009AD2E5 /* MovieDetailsPresenter.swift */ = {isa = PBXFileReference; lastKnownFileType = sourcecode.swift; path = MovieDetailsPresenter.swift; sourceTree = "<group>"; };
		A3A7E1032902EBB3009AD2E5 /* MovieDetailsUseCase.swift */ = {isa = PBXFileReference; lastKnownFileType = sourcecode.swift; path = MovieDetailsUseCase.swift; sourceTree = "<group>"; };
		A3A7E1052902EC01009AD2E5 /* MovieDetailsService.swift */ = {isa = PBXFileReference; lastKnownFileType = sourcecode.swift; path = MovieDetailsService.swift; sourceTree = "<group>"; };
		A3A7E1072902ECDC009AD2E5 /* MovieDetailsRequest.swift */ = {isa = PBXFileReference; lastKnownFileType = sourcecode.swift; path = MovieDetailsRequest.swift; sourceTree = "<group>"; };
		A3A7E10A2902F0F3009AD2E5 /* MovieResponseMapper.swift */ = {isa = PBXFileReference; lastKnownFileType = sourcecode.swift; path = MovieResponseMapper.swift; sourceTree = "<group>"; };
		A3A7E10C2902F3AE009AD2E5 /* MovieDetails.swift */ = {isa = PBXFileReference; lastKnownFileType = sourcecode.swift; path = MovieDetails.swift; sourceTree = "<group>"; };
		A3BC11E029050FB0001B8857 /* CastResponse.swift */ = {isa = PBXFileReference; lastKnownFileType = sourcecode.swift; path = CastResponse.swift; sourceTree = "<group>"; };
		A3BC11E2290510AD001B8857 /* MovieCastService.swift */ = {isa = PBXFileReference; lastKnownFileType = sourcecode.swift; path = MovieCastService.swift; sourceTree = "<group>"; };
		A3BC11E42905113A001B8857 /* MovieCastRequest.swift */ = {isa = PBXFileReference; lastKnownFileType = sourcecode.swift; path = MovieCastRequest.swift; sourceTree = "<group>"; };
		A3BC11E6290511B6001B8857 /* MovieCastUseCase.swift */ = {isa = PBXFileReference; lastKnownFileType = sourcecode.swift; path = MovieCastUseCase.swift; sourceTree = "<group>"; };
		A3BC11ED290513DD001B8857 /* MoviesCastVC.swift */ = {isa = PBXFileReference; lastKnownFileType = sourcecode.swift; path = MoviesCastVC.swift; sourceTree = "<group>"; };
		A3BC11EE290513DD001B8857 /* MoviesCastVC.xib */ = {isa = PBXFileReference; lastKnownFileType = file.xib; path = MoviesCastVC.xib; sourceTree = "<group>"; };
		A3BC11F1290531C6001B8857 /* MoviesCastPresenter.swift */ = {isa = PBXFileReference; lastKnownFileType = sourcecode.swift; path = MoviesCastPresenter.swift; sourceTree = "<group>"; };
		A3BC11F4290534EE001B8857 /* Cast.swift */ = {isa = PBXFileReference; lastKnownFileType = sourcecode.swift; path = Cast.swift; sourceTree = "<group>"; };
		A3BC11F62905351D001B8857 /* MovieCastResponseMapper.swift */ = {isa = PBXFileReference; lastKnownFileType = sourcecode.swift; path = MovieCastResponseMapper.swift; sourceTree = "<group>"; };
		A3BC11F929054013001B8857 /* BaseVC.swift */ = {isa = PBXFileReference; lastKnownFileType = sourcecode.swift; path = BaseVC.swift; sourceTree = "<group>"; };
		A3BC11FB29054039001B8857 /* BasePresenter.swift */ = {isa = PBXFileReference; lastKnownFileType = sourcecode.swift; path = BasePresenter.swift; sourceTree = "<group>"; };
		A3BC11FD2905426C001B8857 /* UIImageView+setImage.swift */ = {isa = PBXFileReference; lastKnownFileType = sourcecode.swift; path = "UIImageView+setImage.swift"; sourceTree = "<group>"; };
		A3BC120129054959001B8857 /* ActorsCollectionViewDataSource.swift */ = {isa = PBXFileReference; lastKnownFileType = sourcecode.swift; path = ActorsCollectionViewDataSource.swift; sourceTree = "<group>"; };
		A3BC120329054AD2001B8857 /* ActorsCollectionViewDelegateFlowLayout.swift */ = {isa = PBXFileReference; lastKnownFileType = sourcecode.swift; path = ActorsCollectionViewDelegateFlowLayout.swift; sourceTree = "<group>"; };
		A3F12ABD2905528100C018CB /* CastCell.swift */ = {isa = PBXFileReference; lastKnownFileType = sourcecode.swift; path = CastCell.swift; sourceTree = "<group>"; };
		A3F12ABE2905528100C018CB /* CastCell.xib */ = {isa = PBXFileReference; lastKnownFileType = file.xib; path = CastCell.xib; sourceTree = "<group>"; };
		A3F12AC229055AA300C018CB /* DirectorsCollectionViewDataSource.swift */ = {isa = PBXFileReference; fileEncoding = 4; lastKnownFileType = sourcecode.swift; path = DirectorsCollectionViewDataSource.swift; sourceTree = "<group>"; };
		A3F12AC329055AA300C018CB /* DirectorsCollectionViewDelegateFlowLayout.swift */ = {isa = PBXFileReference; fileEncoding = 4; lastKnownFileType = sourcecode.swift; path = DirectorsCollectionViewDelegateFlowLayout.swift; sourceTree = "<group>"; };
		A3F12AC62905638900C018CB /* WatchlistDataStore.swift */ = {isa = PBXFileReference; lastKnownFileType = sourcecode.swift; path = WatchlistDataStore.swift; sourceTree = "<group>"; };
		A3F5B20E2905D95C004E07F3 /* MockSearchMoviesResponse.swift */ = {isa = PBXFileReference; lastKnownFileType = sourcecode.swift; path = MockSearchMoviesResponse.swift; sourceTree = "<group>"; };
		A3F5B2102905DAA4004E07F3 /* SpyCoordinator.swift */ = {isa = PBXFileReference; lastKnownFileType = sourcecode.swift; path = SpyCoordinator.swift; sourceTree = "<group>"; };
		A3F5B2122905DAC5004E07F3 /* FakeWatchlistDataStore.swift */ = {isa = PBXFileReference; lastKnownFileType = sourcecode.swift; path = FakeWatchlistDataStore.swift; sourceTree = "<group>"; };
		A3F5B2142905E143004E07F3 /* MovieDetailsPresenterTests.swift */ = {isa = PBXFileReference; lastKnownFileType = sourcecode.swift; path = MovieDetailsPresenterTests.swift; sourceTree = "<group>"; };
		A3F5B2162905E2BE004E07F3 /* SpyMovieDetailsView.swift */ = {isa = PBXFileReference; lastKnownFileType = sourcecode.swift; path = SpyMovieDetailsView.swift; sourceTree = "<group>"; };
		A3F5B21B2905E3E5004E07F3 /* MockMovieResponse.swift */ = {isa = PBXFileReference; lastKnownFileType = sourcecode.swift; path = MockMovieResponse.swift; sourceTree = "<group>"; };
		A3F5B21D2905E87A004E07F3 /* SimilarMoviesPresenterTests.swift */ = {isa = PBXFileReference; lastKnownFileType = sourcecode.swift; path = SimilarMoviesPresenterTests.swift; sourceTree = "<group>"; };
		A3F5B2212905EB64004E07F3 /* SpySimilarMoviesView.swift */ = {isa = PBXFileReference; lastKnownFileType = sourcecode.swift; path = SpySimilarMoviesView.swift; sourceTree = "<group>"; };
		A3F5B2232905EDC3004E07F3 /* MoviesCastPresenterTests.swift */ = {isa = PBXFileReference; lastKnownFileType = sourcecode.swift; path = MoviesCastPresenterTests.swift; sourceTree = "<group>"; };
		A3F5B2252905EEB0004E07F3 /* SpyMoviesCastView.swift */ = {isa = PBXFileReference; lastKnownFileType = sourcecode.swift; path = SpyMoviesCastView.swift; sourceTree = "<group>"; };
		A3F5B2282905EFB5004E07F3 /* MockCastResponse.swift */ = {isa = PBXFileReference; lastKnownFileType = sourcecode.swift; path = MockCastResponse.swift; sourceTree = "<group>"; };
/* End PBXFileReference section */

/* Begin PBXFrameworksBuildPhase section */
		A36622AE290112F6006B9E4C /* Frameworks */ = {
			isa = PBXFrameworksBuildPhase;
			buildActionMask = 2147483647;
			files = (
				A315D2B6290BA95F0032173C /* Kingfisher in Frameworks */,
			);
			runOnlyForDeploymentPostprocessing = 0;
		};
		A36622F12901DCDE006B9E4C /* Frameworks */ = {
			isa = PBXFrameworksBuildPhase;
			buildActionMask = 2147483647;
			files = (
			);
			runOnlyForDeploymentPostprocessing = 0;
		};
/* End PBXFrameworksBuildPhase section */

/* Begin PBXGroup section */
		A31F021B290334B900F329D3 /* Container */ = {
			isa = PBXGroup;
			children = (
				A31F021C2903350A00F329D3 /* MovieDetailsContainerVC.swift */,
				A31F021D2903350A00F329D3 /* MovieDetailsContainerVC.xib */,
			);
			path = Container;
			sourceTree = "<group>";
		};
		A31F022A2903C74000F329D3 /* MovieDetails */ = {
			isa = PBXGroup;
			children = (
				A3A7E10E2902F3B8009AD2E5 /* PresentableData */,
				A3A7E1012902E6F7009AD2E5 /* MovieDetailsPresenter.swift */,
				A3A7E0FD2902E490009AD2E5 /* MovieDetailsVC.swift */,
				A3A7E0FE2902E490009AD2E5 /* MovieDetailsVC.xib */,
			);
			path = MovieDetails;
			sourceTree = "<group>";
		};
		A31F022B2903C7A800F329D3 /* SimilarMovies */ = {
			isa = PBXGroup;
			children = (
				A31F02382903D2E200F329D3 /* Helpers */,
				A31F022D2903C7A800F329D3 /* SimilarMoviesPresenter.swift */,
				A31F022E2903C7A800F329D3 /* SimilarMoviesVC.swift */,
				A31F022C2903C7A800F329D3 /* SimilarMoviesVC.xib */,
			);
			path = SimilarMovies;
			sourceTree = "<group>";
		};
		A31F02382903D2E200F329D3 /* Helpers */ = {
			isa = PBXGroup;
			children = (
				A31F023D2903D56200F329D3 /* SimilarMovieCell */,
				A31F02392903D34700F329D3 /* SimilarMoviesCollectionViewDataSource.swift */,
				A31F023B2903D3DA00F329D3 /* SimilarMoviesCollectionViewDelegateFlowLayout.swift */,
			);
			path = Helpers;
			sourceTree = "<group>";
		};
		A31F023D2903D56200F329D3 /* SimilarMovieCell */ = {
			isa = PBXGroup;
			children = (
				A31F023E2903D58800F329D3 /* SimilarMovieCell.swift */,
				A31F023F2903D58800F329D3 /* SimilarMovieCell.xib */,
			);
			path = SimilarMovieCell;
			sourceTree = "<group>";
		};
		A36622A8290112F6006B9E4C = {
			isa = PBXGroup;
			children = (
				A36622B3290112F6006B9E4C /* TheMovieDB */,
				A36622F52901DCDE006B9E4C /* TheMovieDBTests */,
				A36622B2290112F6006B9E4C /* Products */,
			);
			sourceTree = "<group>";
		};
		A36622B2290112F6006B9E4C /* Products */ = {
			isa = PBXGroup;
			children = (
				A36622B1290112F6006B9E4C /* TheMovieDB.app */,
				A36622F42901DCDE006B9E4C /* TheMovieDBTests.xctest */,
			);
			name = Products;
			sourceTree = "<group>";
		};
		A36622B3290112F6006B9E4C /* TheMovieDB */ = {
			isa = PBXGroup;
			children = (
				A36622B4290112F6006B9E4C /* AppDelegate.swift */,
				A36622D029012361006B9E4C /* Common */,
				A36622D72901B92A006B9E4C /* Networking */,
				A3F12AC82905C94400C018CB /* DataStores */,
				A36622E72901D65E006B9E4C /* UseCases */,
				A36622C829011B66006B9E4C /* Scenes */,
			);
			path = TheMovieDB;
			sourceTree = "<group>";
		};
		A36622C829011B66006B9E4C /* Scenes */ = {
			isa = PBXGroup;
			children = (
				A36622C929011B76006B9E4C /* MovieList */,
				A3A7E0FC2902E466009AD2E5 /* MovieDetails */,
			);
			path = Scenes;
			sourceTree = "<group>";
		};
		A36622C929011B76006B9E4C /* MovieList */ = {
			isa = PBXGroup;
			children = (
				A36622E82901D720006B9E4C /* PresentableData */,
				A3A7E0D829026BEF009AD2E5 /* Helpers */,
				A36622CE29011D74006B9E4C /* MovieListPresenter.swift */,
				A36622CA29011BAD006B9E4C /* MovieListVC.swift */,
				A36622CB29011BAD006B9E4C /* MovieListVC.xib */,
			);
			path = MovieList;
			sourceTree = "<group>";
		};
		A36622D029012361006B9E4C /* Common */ = {
			isa = PBXGroup;
			children = (
				A3A7E0F82902D7EE009AD2E5 /* DependencyFactory.swift */,
				A3A7E0F52902D7A3009AD2E5 /* Coordinators */,
				A3BC11F829053FF1001B8857 /* BaseWireframe */,
				A3A7E0F02902C5F3009AD2E5 /* Helpers */,
				A3A7E0E229029B67009AD2E5 /* Extensions */,
				A36622BD290112F7006B9E4C /* Assets.xcassets */,
				A36622BF290112F7006B9E4C /* LaunchScreen.storyboard */,
				A36622C2290112F7006B9E4C /* Info.plist */,
			);
			path = Common;
			sourceTree = "<group>";
		};
		A36622D72901B92A006B9E4C /* Networking */ = {
			isa = PBXGroup;
			children = (
				A36622E32901C93C006B9E4C /* NetworkingConstants.swift */,
				A36622EA2901D8FF006B9E4C /* Interface */,
				A36622ED2901D9FC006B9E4C /* Clients */,
				A36622DA2901BAC2006B9E4C /* Services */,
				A36622EB2901D98B006B9E4C /* Data */,
			);
			path = Networking;
			sourceTree = "<group>";
		};
		A36622DA2901BAC2006B9E4C /* Services */ = {
			isa = PBXGroup;
			children = (
				A36622D32901B1C2006B9E4C /* PopularMoviesService.swift */,
				A3A7E0E52902AAD3009AD2E5 /* SearchMoviesService.swift */,
				A3A7E1052902EC01009AD2E5 /* MovieDetailsService.swift */,
				A31F02322903C99700F329D3 /* SimilarMoviesService.swift */,
				A3BC11E2290510AD001B8857 /* MovieCastService.swift */,
			);
			path = Services;
			sourceTree = "<group>";
		};
		A36622E72901D65E006B9E4C /* UseCases */ = {
			isa = PBXGroup;
			children = (
				A3A7E0ED2902B983009AD2E5 /* Mapper */,
				A36622D129012493006B9E4C /* PopularMoviesUseCase.swift */,
				A3A7E0E72902AC40009AD2E5 /* SearchMoviesUseCase.swift */,
				A3A7E1032902EBB3009AD2E5 /* MovieDetailsUseCase.swift */,
				A31F02342903CA3500F329D3 /* SimilarMoviesUseCase.swift */,
				A3BC11E6290511B6001B8857 /* MovieCastUseCase.swift */,
				A34DC84A290667CD00D15185 /* WatchlistUseCase.swift */,
			);
			path = UseCases;
			sourceTree = "<group>";
		};
		A36622E82901D720006B9E4C /* PresentableData */ = {
			isa = PBXGroup;
			children = (
				A36622E52901CDA0006B9E4C /* Movie.swift */,
			);
			path = PresentableData;
			sourceTree = "<group>";
		};
		A36622EA2901D8FF006B9E4C /* Interface */ = {
			isa = PBXGroup;
			children = (
				A36622EE2901DA19006B9E4C /* HTTPClient.swift */,
				A36622D82901BA87006B9E4C /* NetworkingRequest.swift */,
				A36622DD2901BFA4006B9E4C /* HTTPMethod.swift */,
				A36622E12901C6AD006B9E4C /* NetworkError.swift */,
			);
			path = Interface;
			sourceTree = "<group>";
		};
		A36622EB2901D98B006B9E4C /* Data */ = {
			isa = PBXGroup;
			children = (
				A36622EC2901D994006B9E4C /* Movies */,
			);
			path = Data;
			sourceTree = "<group>";
		};
		A36622EC2901D994006B9E4C /* Movies */ = {
			isa = PBXGroup;
			children = (
				A3A7E1092902ECEA009AD2E5 /* Requests */,
				A3BC11DE29050F98001B8857 /* Responses */,
			);
			path = Movies;
			sourceTree = "<group>";
		};
		A36622ED2901D9FC006B9E4C /* Clients */ = {
			isa = PBXGroup;
			children = (
				A36622D52901B2F9006B9E4C /* URLSessionClient.swift */,
			);
			path = Clients;
			sourceTree = "<group>";
		};
		A36622F52901DCDE006B9E4C /* TheMovieDBTests */ = {
			isa = PBXGroup;
			children = (
				A36622FF2901E348006B9E4C /* TestDoubles */,
				A36623042901E82C006B9E4C /* PresenterTests */,
			);
			path = TheMovieDBTests;
			sourceTree = "<group>";
		};
		A36622FF2901E348006B9E4C /* TestDoubles */ = {
			isa = PBXGroup;
			children = (
				A3F5B2192905E320004E07F3 /* Mocks */,
				A3F5B2182905E2C3004E07F3 /* Spies */,
				A3F5B21A2905E32B004E07F3 /* Fakes */,
			);
			path = TestDoubles;
			sourceTree = "<group>";
		};
		A36623042901E82C006B9E4C /* PresenterTests */ = {
			isa = PBXGroup;
			children = (
				A36622F62901DCDE006B9E4C /* MovieListPresenterTests.swift */,
				A3F5B2142905E143004E07F3 /* MovieDetailsPresenterTests.swift */,
				A3F5B21D2905E87A004E07F3 /* SimilarMoviesPresenterTests.swift */,
				A3F5B2232905EDC3004E07F3 /* MoviesCastPresenterTests.swift */,
			);
			path = PresenterTests;
			sourceTree = "<group>";
		};
		A3A7E0D829026BEF009AD2E5 /* Helpers */ = {
			isa = PBXGroup;
			children = (
				A3A7E0E12902979A009AD2E5 /* MovieCell */,
				A3A7E0D929026C08009AD2E5 /* MovieListTableViewDataSource.swift */,
				A3A7E0DB29029697009AD2E5 /* MovieListTableViewDelegate.swift */,
				A3A7E0FA2902E039009AD2E5 /* MoviesSearchBarDelegate.swift */,
			);
			path = Helpers;
			sourceTree = "<group>";
		};
		A3A7E0E12902979A009AD2E5 /* MovieCell */ = {
			isa = PBXGroup;
			children = (
				A3A7E0DD29029794009AD2E5 /* MovieCell.swift */,
				A3A7E0DE29029794009AD2E5 /* MovieCell.xib */,
			);
			path = MovieCell;
			sourceTree = "<group>";
		};
		A3A7E0E229029B67009AD2E5 /* Extensions */ = {
			isa = PBXGroup;
			children = (
				A31F02282903C0F700F329D3 /* UIViewController+alert.swift */,
				A31F022029033E9200F329D3 /* UIViewController+addChildVC.swift */,
				A31F02242903BB7A00F329D3 /* UIViewcontroller+activityIndicator.swift */,
				A3BC11FD2905426C001B8857 /* UIImageView+setImage.swift */,
				A3A7E0E329029B84009AD2E5 /* UITableView+Extensions.swift */,
				A31F02222903B89E00F329D3 /* UICollectionView+Extensions.swift */,
			);
			path = Extensions;
			sourceTree = "<group>";
		};
		A3A7E0ED2902B983009AD2E5 /* Mapper */ = {
			isa = PBXGroup;
			children = (
				A3A7E0EB2902B96F009AD2E5 /* MoviesResponseMapper.swift */,
				A3A7E10A2902F0F3009AD2E5 /* MovieResponseMapper.swift */,
				A3BC11F62905351D001B8857 /* MovieCastResponseMapper.swift */,
			);
			path = Mapper;
			sourceTree = "<group>";
		};
		A3A7E0F02902C5F3009AD2E5 /* Helpers */ = {
			isa = PBXGroup;
			children = (
				A3A7E0F12902C601009AD2E5 /* Debouncer.swift */,
				A34CE8B1291CB710005926C6 /* Resources.swift */,
			);
			path = Helpers;
			sourceTree = "<group>";
		};
		A3A7E0F52902D7A3009AD2E5 /* Coordinators */ = {
			isa = PBXGroup;
			children = (
				A3A7E0F32902D178009AD2E5 /* Coordinator.swift */,
				A3A7E0F62902D7B7009AD2E5 /* MovieListCoordinator.swift */,
			);
			path = Coordinators;
			sourceTree = "<group>";
		};
		A3A7E0FC2902E466009AD2E5 /* MovieDetails */ = {
			isa = PBXGroup;
			children = (
				A31F021B290334B900F329D3 /* Container */,
				A3BC11FF29054359001B8857 /* SubViews */,
			);
			path = MovieDetails;
			sourceTree = "<group>";
		};
		A3A7E1092902ECEA009AD2E5 /* Requests */ = {
			isa = PBXGroup;
			children = (
				A36622DB2901BAD3006B9E4C /* PopularMoviesRequest.swift */,
				A3A7E0E92902B0C4009AD2E5 /* MoviesSearchRequest.swift */,
				A3A7E1072902ECDC009AD2E5 /* MovieDetailsRequest.swift */,
				A31F02362903CAD700F329D3 /* SimilarMoviesRequest.swift */,
				A3BC11E42905113A001B8857 /* MovieCastRequest.swift */,
			);
			path = Requests;
			sourceTree = "<group>";
		};
		A3A7E10E2902F3B8009AD2E5 /* PresentableData */ = {
			isa = PBXGroup;
			children = (
				A3A7E10C2902F3AE009AD2E5 /* MovieDetails.swift */,
			);
			path = PresentableData;
			sourceTree = "<group>";
		};
		A3BC11DE29050F98001B8857 /* Responses */ = {
			isa = PBXGroup;
			children = (
				A36622DF2901C1D0006B9E4C /* MoviesResponse.swift */,
				A3BC11E029050FB0001B8857 /* CastResponse.swift */,
			);
			path = Responses;
			sourceTree = "<group>";
		};
		A3BC11E8290512D0001B8857 /* MoviesCast */ = {
			isa = PBXGroup;
			children = (
				A3BC11F3290534DF001B8857 /* PresentableData */,
				A3BC12002905493E001B8857 /* Helpers */,
				A3BC11F1290531C6001B8857 /* MoviesCastPresenter.swift */,
				A3BC11ED290513DD001B8857 /* MoviesCastVC.swift */,
				A3BC11EE290513DD001B8857 /* MoviesCastVC.xib */,
			);
			path = MoviesCast;
			sourceTree = "<group>";
		};
		A3BC11F3290534DF001B8857 /* PresentableData */ = {
			isa = PBXGroup;
			children = (
				A3BC11F4290534EE001B8857 /* Cast.swift */,
			);
			path = PresentableData;
			sourceTree = "<group>";
		};
		A3BC11F829053FF1001B8857 /* BaseWireframe */ = {
			isa = PBXGroup;
			children = (
				A3BC11F929054013001B8857 /* BaseVC.swift */,
				A3BC11FB29054039001B8857 /* BasePresenter.swift */,
			);
			path = BaseWireframe;
			sourceTree = "<group>";
		};
		A3BC11FF29054359001B8857 /* SubViews */ = {
			isa = PBXGroup;
			children = (
				A31F022A2903C74000F329D3 /* MovieDetails */,
				A31F022B2903C7A800F329D3 /* SimilarMovies */,
				A3BC11E8290512D0001B8857 /* MoviesCast */,
			);
			path = SubViews;
			sourceTree = "<group>";
		};
		A3BC12002905493E001B8857 /* Helpers */ = {
			isa = PBXGroup;
			children = (
				A3F12ABC2905522500C018CB /* CastCell */,
				A3BC120529054CD3001B8857 /* ActorsCollectionView */,
				A3F12AC129055AA300C018CB /* DirectorsCollectionView */,
			);
			path = Helpers;
			sourceTree = "<group>";
		};
		A3BC120529054CD3001B8857 /* ActorsCollectionView */ = {
			isa = PBXGroup;
			children = (
				A3BC120129054959001B8857 /* ActorsCollectionViewDataSource.swift */,
				A3BC120329054AD2001B8857 /* ActorsCollectionViewDelegateFlowLayout.swift */,
			);
			path = ActorsCollectionView;
			sourceTree = "<group>";
		};
		A3F12ABC2905522500C018CB /* CastCell */ = {
			isa = PBXGroup;
			children = (
				A3F12ABD2905528100C018CB /* CastCell.swift */,
				A3F12ABE2905528100C018CB /* CastCell.xib */,
			);
			path = CastCell;
			sourceTree = "<group>";
		};
		A3F12AC129055AA300C018CB /* DirectorsCollectionView */ = {
			isa = PBXGroup;
			children = (
				A3F12AC229055AA300C018CB /* DirectorsCollectionViewDataSource.swift */,
				A3F12AC329055AA300C018CB /* DirectorsCollectionViewDelegateFlowLayout.swift */,
			);
			path = DirectorsCollectionView;
			sourceTree = "<group>";
		};
		A3F12AC82905C94400C018CB /* DataStores */ = {
			isa = PBXGroup;
			children = (
				A3F12AC62905638900C018CB /* WatchlistDataStore.swift */,
			);
			path = DataStores;
			sourceTree = "<group>";
		};
		A3F5B2182905E2C3004E07F3 /* Spies */ = {
			isa = PBXGroup;
			children = (
				A3F5B2202905EB46004E07F3 /* Views */,
				A3F5B2102905DAA4004E07F3 /* SpyCoordinator.swift */,
			);
			path = Spies;
			sourceTree = "<group>";
		};
		A3F5B2192905E320004E07F3 /* Mocks */ = {
			isa = PBXGroup;
			children = (
				A3F5B21F2905EAD5004E07F3 /* Responses */,
				A36623022901E473006B9E4C /* MockServices.swift */,
			);
			path = Mocks;
			sourceTree = "<group>";
		};
		A3F5B21A2905E32B004E07F3 /* Fakes */ = {
			isa = PBXGroup;
			children = (
				A3F5B2122905DAC5004E07F3 /* FakeWatchlistDataStore.swift */,
			);
			path = Fakes;
			sourceTree = "<group>";
		};
		A3F5B21F2905EAD5004E07F3 /* Responses */ = {
			isa = PBXGroup;
			children = (
				A36622FD2901E134006B9E4C /* MockPopularMoviesResponse.swift */,
				A3F5B20E2905D95C004E07F3 /* MockSearchMoviesResponse.swift */,
				A3F5B21B2905E3E5004E07F3 /* MockMovieResponse.swift */,
				A3F5B2282905EFB5004E07F3 /* MockCastResponse.swift */,
			);
			path = Responses;
			sourceTree = "<group>";
		};
		A3F5B2202905EB46004E07F3 /* Views */ = {
			isa = PBXGroup;
			children = (
				A36623002901E456006B9E4C /* SpyMovieListView.swift */,
				A3F5B2162905E2BE004E07F3 /* SpyMovieDetailsView.swift */,
				A3F5B2212905EB64004E07F3 /* SpySimilarMoviesView.swift */,
				A3F5B2252905EEB0004E07F3 /* SpyMoviesCastView.swift */,
			);
			path = Views;
			sourceTree = "<group>";
		};
/* End PBXGroup section */

/* Begin PBXNativeTarget section */
		A36622B0290112F6006B9E4C /* TheMovieDB */ = {
			isa = PBXNativeTarget;
			buildConfigurationList = A36622C5290112F7006B9E4C /* Build configuration list for PBXNativeTarget "TheMovieDB" */;
			buildPhases = (
				A36622AD290112F6006B9E4C /* Sources */,
				A36622AE290112F6006B9E4C /* Frameworks */,
				A36622AF290112F6006B9E4C /* Resources */,
			);
			buildRules = (
			);
			dependencies = (
			);
			name = TheMovieDB;
			packageProductDependencies = (
				A315D2B5290BA95F0032173C /* Kingfisher */,
			);
			productName = TheMovieDB;
			productReference = A36622B1290112F6006B9E4C /* TheMovieDB.app */;
			productType = "com.apple.product-type.application";
		};
		A36622F32901DCDE006B9E4C /* TheMovieDBTests */ = {
			isa = PBXNativeTarget;
			buildConfigurationList = A36622FA2901DCDE006B9E4C /* Build configuration list for PBXNativeTarget "TheMovieDBTests" */;
			buildPhases = (
				A36622F02901DCDE006B9E4C /* Sources */,
				A36622F12901DCDE006B9E4C /* Frameworks */,
				A36622F22901DCDE006B9E4C /* Resources */,
			);
			buildRules = (
			);
			dependencies = (
				A36622F92901DCDE006B9E4C /* PBXTargetDependency */,
			);
			name = TheMovieDBTests;
			productName = TheMovieDBTests;
			productReference = A36622F42901DCDE006B9E4C /* TheMovieDBTests.xctest */;
			productType = "com.apple.product-type.bundle.unit-test";
		};
/* End PBXNativeTarget section */

/* Begin PBXProject section */
		A36622A9290112F6006B9E4C /* Project object */ = {
			isa = PBXProject;
			attributes = {
				BuildIndependentTargetsInParallel = 1;
				LastSwiftUpdateCheck = 1310;
				LastUpgradeCheck = 1310;
				TargetAttributes = {
					A36622B0290112F6006B9E4C = {
						CreatedOnToolsVersion = 13.1;
					};
					A36622F32901DCDE006B9E4C = {
						CreatedOnToolsVersion = 13.1;
						TestTargetID = A36622B0290112F6006B9E4C;
					};
				};
			};
			buildConfigurationList = A36622AC290112F6006B9E4C /* Build configuration list for PBXProject "TheMovieDB" */;
			compatibilityVersion = "Xcode 13.0";
			developmentRegion = en;
			hasScannedForEncodings = 0;
			knownRegions = (
				en,
				Base,
			);
			mainGroup = A36622A8290112F6006B9E4C;
			packageReferences = (
				A315D2B4290BA95F0032173C /* XCRemoteSwiftPackageReference "Kingfisher" */,
			);
			productRefGroup = A36622B2290112F6006B9E4C /* Products */;
			projectDirPath = "";
			projectRoot = "";
			targets = (
				A36622B0290112F6006B9E4C /* TheMovieDB */,
				A36622F32901DCDE006B9E4C /* TheMovieDBTests */,
			);
		};
/* End PBXProject section */

/* Begin PBXResourcesBuildPhase section */
		A36622AF290112F6006B9E4C /* Resources */ = {
			isa = PBXResourcesBuildPhase;
			buildActionMask = 2147483647;
			files = (
				A31F022F2903C7A800F329D3 /* SimilarMoviesVC.xib in Resources */,
				A3BC11F0290513DD001B8857 /* MoviesCastVC.xib in Resources */,
				A36622CD29011BAD006B9E4C /* MovieListVC.xib in Resources */,
				A36622C1290112F7006B9E4C /* LaunchScreen.storyboard in Resources */,
				A31F021F2903350A00F329D3 /* MovieDetailsContainerVC.xib in Resources */,
				A3A7E0E029029794009AD2E5 /* MovieCell.xib in Resources */,
				A3F12AC02905528100C018CB /* CastCell.xib in Resources */,
				A3A7E1002902E490009AD2E5 /* MovieDetailsVC.xib in Resources */,
				A31F02412903D58800F329D3 /* SimilarMovieCell.xib in Resources */,
				A36622BE290112F7006B9E4C /* Assets.xcassets in Resources */,
			);
			runOnlyForDeploymentPostprocessing = 0;
		};
		A36622F22901DCDE006B9E4C /* Resources */ = {
			isa = PBXResourcesBuildPhase;
			buildActionMask = 2147483647;
			files = (
			);
			runOnlyForDeploymentPostprocessing = 0;
		};
/* End PBXResourcesBuildPhase section */

/* Begin PBXSourcesBuildPhase section */
		A36622AD290112F6006B9E4C /* Sources */ = {
			isa = PBXSourcesBuildPhase;
			buildActionMask = 2147483647;
			files = (
				A34DC84B290667CD00D15185 /* WatchlistUseCase.swift in Sources */,
				A36622B5290112F6006B9E4C /* AppDelegate.swift in Sources */,
				A3A7E10D2902F3AE009AD2E5 /* MovieDetails.swift in Sources */,
				A31F023C2903D3DA00F329D3 /* SimilarMoviesCollectionViewDelegateFlowLayout.swift in Sources */,
				A31F02372903CAD700F329D3 /* SimilarMoviesRequest.swift in Sources */,
				A3A7E1022902E6F7009AD2E5 /* MovieDetailsPresenter.swift in Sources */,
				A3F12AC529055AA300C018CB /* DirectorsCollectionViewDelegateFlowLayout.swift in Sources */,
				A31F02302903C7A800F329D3 /* SimilarMoviesPresenter.swift in Sources */,
				A3BC11E3290510AD001B8857 /* MovieCastService.swift in Sources */,
				A31F02252903BB7A00F329D3 /* UIViewcontroller+activityIndicator.swift in Sources */,
				A3A7E0DF29029794009AD2E5 /* MovieCell.swift in Sources */,
				A3A7E1082902ECDC009AD2E5 /* MovieDetailsRequest.swift in Sources */,
				A3BC11F5290534EE001B8857 /* Cast.swift in Sources */,
				A3A7E0E82902AC40009AD2E5 /* SearchMoviesUseCase.swift in Sources */,
				A3F12ABF2905528100C018CB /* CastCell.swift in Sources */,
				A36622D92901BA87006B9E4C /* NetworkingRequest.swift in Sources */,
				A31F023A2903D34700F329D3 /* SimilarMoviesCollectionViewDataSource.swift in Sources */,
				A3A7E1062902EC01009AD2E5 /* MovieDetailsService.swift in Sources */,
				A3BC11E7290511B6001B8857 /* MovieCastUseCase.swift in Sources */,
				A3A7E0DA29026C08009AD2E5 /* MovieListTableViewDataSource.swift in Sources */,
				A36622DC2901BAD3006B9E4C /* PopularMoviesRequest.swift in Sources */,
				A31F02332903C99700F329D3 /* SimilarMoviesService.swift in Sources */,
				A3BC11FA29054013001B8857 /* BaseVC.swift in Sources */,
				A3F12AC429055AA300C018CB /* DirectorsCollectionViewDataSource.swift in Sources */,
				A3A7E0F72902D7B7009AD2E5 /* MovieListCoordinator.swift in Sources */,
				A36622CF29011D74006B9E4C /* MovieListPresenter.swift in Sources */,
				A36622D42901B1C2006B9E4C /* PopularMoviesService.swift in Sources */,
				A3A7E0F42902D178009AD2E5 /* Coordinator.swift in Sources */,
				A3BC11E52905113A001B8857 /* MovieCastRequest.swift in Sources */,
				A31F02292903C0F700F329D3 /* UIViewController+alert.swift in Sources */,
				A36622E42901C93C006B9E4C /* NetworkingConstants.swift in Sources */,
				A3A7E0E62902AAD3009AD2E5 /* SearchMoviesService.swift in Sources */,
				A3F12AC72905638900C018CB /* WatchlistDataStore.swift in Sources */,
				A3BC11FC29054039001B8857 /* BasePresenter.swift in Sources */,
				A36622DE2901BFA4006B9E4C /* HTTPMethod.swift in Sources */,
				A3A7E0E429029B84009AD2E5 /* UITableView+Extensions.swift in Sources */,
				A31F021E2903350A00F329D3 /* MovieDetailsContainerVC.swift in Sources */,
				A3A7E1042902EBB3009AD2E5 /* MovieDetailsUseCase.swift in Sources */,
				A3A7E10B2902F0F3009AD2E5 /* MovieResponseMapper.swift in Sources */,
				A36622D62901B2F9006B9E4C /* URLSessionClient.swift in Sources */,
				A3A7E0DC29029697009AD2E5 /* MovieListTableViewDelegate.swift in Sources */,
				A3A7E0F22902C601009AD2E5 /* Debouncer.swift in Sources */,
				A3BC11F2290531C6001B8857 /* MoviesCastPresenter.swift in Sources */,
				A31F02232903B89E00F329D3 /* UICollectionView+Extensions.swift in Sources */,
				A3BC11EF290513DD001B8857 /* MoviesCastVC.swift in Sources */,
				A31F02312903C7A800F329D3 /* SimilarMoviesVC.swift in Sources */,
				A36622E62901CDA0006B9E4C /* Movie.swift in Sources */,
				A36622E02901C1D0006B9E4C /* MoviesResponse.swift in Sources */,
				A3BC11FE2905426C001B8857 /* UIImageView+setImage.swift in Sources */,
				A3A7E0EC2902B96F009AD2E5 /* MoviesResponseMapper.swift in Sources */,
				A31F02402903D58800F329D3 /* SimilarMovieCell.swift in Sources */,
				A36622EF2901DA19006B9E4C /* HTTPClient.swift in Sources */,
				A3A7E0EA2902B0C4009AD2E5 /* MoviesSearchRequest.swift in Sources */,
				A3BC11E129050FB0001B8857 /* CastResponse.swift in Sources */,
				A3A7E0FB2902E039009AD2E5 /* MoviesSearchBarDelegate.swift in Sources */,
				A36622D229012493006B9E4C /* PopularMoviesUseCase.swift in Sources */,
				A3A7E0F92902D7EE009AD2E5 /* DependencyFactory.swift in Sources */,
				A3BC120229054959001B8857 /* ActorsCollectionViewDataSource.swift in Sources */,
				A3BC120429054AD2001B8857 /* ActorsCollectionViewDelegateFlowLayout.swift in Sources */,
				A36622E22901C6AD006B9E4C /* NetworkError.swift in Sources */,
				A3A7E0FF2902E490009AD2E5 /* MovieDetailsVC.swift in Sources */,
				A31F022129033E9200F329D3 /* UIViewController+addChildVC.swift in Sources */,
				A31F02352903CA3500F329D3 /* SimilarMoviesUseCase.swift in Sources */,
				A34CE8B2291CB710005926C6 /* Resources.swift in Sources */,
				A36622CC29011BAD006B9E4C /* MovieListVC.swift in Sources */,
				A3BC11F72905351D001B8857 /* MovieCastResponseMapper.swift in Sources */,
			);
			runOnlyForDeploymentPostprocessing = 0;
		};
		A36622F02901DCDE006B9E4C /* Sources */ = {
			isa = PBXSourcesBuildPhase;
			buildActionMask = 2147483647;
			files = (
				A3F5B2172905E2BE004E07F3 /* SpyMovieDetailsView.swift in Sources */,
				A3F5B2152905E143004E07F3 /* MovieDetailsPresenterTests.swift in Sources */,
				A36623012901E456006B9E4C /* SpyMovieListView.swift in Sources */,
				A3F5B2262905EEB0004E07F3 /* SpyMoviesCastView.swift in Sources */,
				A3F5B21C2905E3E5004E07F3 /* MockMovieResponse.swift in Sources */,
				A3F5B2112905DAA4004E07F3 /* SpyCoordinator.swift in Sources */,
				A3F5B2292905EFB5004E07F3 /* MockCastResponse.swift in Sources */,
				A3F5B2132905DAC5004E07F3 /* FakeWatchlistDataStore.swift in Sources */,
				A36622F72901DCDE006B9E4C /* MovieListPresenterTests.swift in Sources */,
				A3F5B20F2905D95C004E07F3 /* MockSearchMoviesResponse.swift in Sources */,
				A3F5B2222905EB64004E07F3 /* SpySimilarMoviesView.swift in Sources */,
				A36623032901E473006B9E4C /* MockServices.swift in Sources */,
				A36622FE2901E134006B9E4C /* MockPopularMoviesResponse.swift in Sources */,
				A3F5B2242905EDC3004E07F3 /* MoviesCastPresenterTests.swift in Sources */,
				A3F5B21E2905E87A004E07F3 /* SimilarMoviesPresenterTests.swift in Sources */,
			);
			runOnlyForDeploymentPostprocessing = 0;
		};
/* End PBXSourcesBuildPhase section */

/* Begin PBXTargetDependency section */
		A36622F92901DCDE006B9E4C /* PBXTargetDependency */ = {
			isa = PBXTargetDependency;
			target = A36622B0290112F6006B9E4C /* TheMovieDB */;
			targetProxy = A36622F82901DCDE006B9E4C /* PBXContainerItemProxy */;
		};
/* End PBXTargetDependency section */

/* Begin PBXVariantGroup section */
		A36622BF290112F7006B9E4C /* LaunchScreen.storyboard */ = {
			isa = PBXVariantGroup;
			children = (
				A36622C0290112F7006B9E4C /* Base */,
			);
			name = LaunchScreen.storyboard;
			sourceTree = "<group>";
		};
/* End PBXVariantGroup section */

/* Begin XCBuildConfiguration section */
		A36622C3290112F7006B9E4C /* Debug */ = {
			isa = XCBuildConfiguration;
			buildSettings = {
				ALWAYS_SEARCH_USER_PATHS = NO;
				CLANG_ANALYZER_NONNULL = YES;
				CLANG_ANALYZER_NUMBER_OBJECT_CONVERSION = YES_AGGRESSIVE;
				CLANG_CXX_LANGUAGE_STANDARD = "gnu++17";
				CLANG_CXX_LIBRARY = "libc++";
				CLANG_ENABLE_MODULES = YES;
				CLANG_ENABLE_OBJC_ARC = YES;
				CLANG_ENABLE_OBJC_WEAK = YES;
				CLANG_WARN_BLOCK_CAPTURE_AUTORELEASING = YES;
				CLANG_WARN_BOOL_CONVERSION = YES;
				CLANG_WARN_COMMA = YES;
				CLANG_WARN_CONSTANT_CONVERSION = YES;
				CLANG_WARN_DEPRECATED_OBJC_IMPLEMENTATIONS = YES;
				CLANG_WARN_DIRECT_OBJC_ISA_USAGE = YES_ERROR;
				CLANG_WARN_DOCUMENTATION_COMMENTS = YES;
				CLANG_WARN_EMPTY_BODY = YES;
				CLANG_WARN_ENUM_CONVERSION = YES;
				CLANG_WARN_INFINITE_RECURSION = YES;
				CLANG_WARN_INT_CONVERSION = YES;
				CLANG_WARN_NON_LITERAL_NULL_CONVERSION = YES;
				CLANG_WARN_OBJC_IMPLICIT_RETAIN_SELF = YES;
				CLANG_WARN_OBJC_LITERAL_CONVERSION = YES;
				CLANG_WARN_OBJC_ROOT_CLASS = YES_ERROR;
				CLANG_WARN_QUOTED_INCLUDE_IN_FRAMEWORK_HEADER = YES;
				CLANG_WARN_RANGE_LOOP_ANALYSIS = YES;
				CLANG_WARN_STRICT_PROTOTYPES = YES;
				CLANG_WARN_SUSPICIOUS_MOVE = YES;
				CLANG_WARN_UNGUARDED_AVAILABILITY = YES_AGGRESSIVE;
				CLANG_WARN_UNREACHABLE_CODE = YES;
				CLANG_WARN__DUPLICATE_METHOD_MATCH = YES;
				COPY_PHASE_STRIP = NO;
				DEBUG_INFORMATION_FORMAT = dwarf;
				ENABLE_STRICT_OBJC_MSGSEND = YES;
				ENABLE_TESTABILITY = YES;
				GCC_C_LANGUAGE_STANDARD = gnu11;
				GCC_DYNAMIC_NO_PIC = NO;
				GCC_NO_COMMON_BLOCKS = YES;
				GCC_OPTIMIZATION_LEVEL = 0;
				GCC_PREPROCESSOR_DEFINITIONS = (
					"DEBUG=1",
					"$(inherited)",
				);
				GCC_WARN_64_TO_32_BIT_CONVERSION = YES;
				GCC_WARN_ABOUT_RETURN_TYPE = YES_ERROR;
				GCC_WARN_UNDECLARED_SELECTOR = YES;
				GCC_WARN_UNINITIALIZED_AUTOS = YES_AGGRESSIVE;
				GCC_WARN_UNUSED_FUNCTION = YES;
				GCC_WARN_UNUSED_VARIABLE = YES;
				IPHONEOS_DEPLOYMENT_TARGET = 15.0;
				MTL_ENABLE_DEBUG_INFO = INCLUDE_SOURCE;
				MTL_FAST_MATH = YES;
				ONLY_ACTIVE_ARCH = YES;
				SDKROOT = iphoneos;
				SWIFT_ACTIVE_COMPILATION_CONDITIONS = DEBUG;
				SWIFT_OPTIMIZATION_LEVEL = "-Onone";
			};
			name = Debug;
		};
		A36622C4290112F7006B9E4C /* Release */ = {
			isa = XCBuildConfiguration;
			buildSettings = {
				ALWAYS_SEARCH_USER_PATHS = NO;
				CLANG_ANALYZER_NONNULL = YES;
				CLANG_ANALYZER_NUMBER_OBJECT_CONVERSION = YES_AGGRESSIVE;
				CLANG_CXX_LANGUAGE_STANDARD = "gnu++17";
				CLANG_CXX_LIBRARY = "libc++";
				CLANG_ENABLE_MODULES = YES;
				CLANG_ENABLE_OBJC_ARC = YES;
				CLANG_ENABLE_OBJC_WEAK = YES;
				CLANG_WARN_BLOCK_CAPTURE_AUTORELEASING = YES;
				CLANG_WARN_BOOL_CONVERSION = YES;
				CLANG_WARN_COMMA = YES;
				CLANG_WARN_CONSTANT_CONVERSION = YES;
				CLANG_WARN_DEPRECATED_OBJC_IMPLEMENTATIONS = YES;
				CLANG_WARN_DIRECT_OBJC_ISA_USAGE = YES_ERROR;
				CLANG_WARN_DOCUMENTATION_COMMENTS = YES;
				CLANG_WARN_EMPTY_BODY = YES;
				CLANG_WARN_ENUM_CONVERSION = YES;
				CLANG_WARN_INFINITE_RECURSION = YES;
				CLANG_WARN_INT_CONVERSION = YES;
				CLANG_WARN_NON_LITERAL_NULL_CONVERSION = YES;
				CLANG_WARN_OBJC_IMPLICIT_RETAIN_SELF = YES;
				CLANG_WARN_OBJC_LITERAL_CONVERSION = YES;
				CLANG_WARN_OBJC_ROOT_CLASS = YES_ERROR;
				CLANG_WARN_QUOTED_INCLUDE_IN_FRAMEWORK_HEADER = YES;
				CLANG_WARN_RANGE_LOOP_ANALYSIS = YES;
				CLANG_WARN_STRICT_PROTOTYPES = YES;
				CLANG_WARN_SUSPICIOUS_MOVE = YES;
				CLANG_WARN_UNGUARDED_AVAILABILITY = YES_AGGRESSIVE;
				CLANG_WARN_UNREACHABLE_CODE = YES;
				CLANG_WARN__DUPLICATE_METHOD_MATCH = YES;
				COPY_PHASE_STRIP = NO;
				DEBUG_INFORMATION_FORMAT = "dwarf-with-dsym";
				ENABLE_NS_ASSERTIONS = NO;
				ENABLE_STRICT_OBJC_MSGSEND = YES;
				GCC_C_LANGUAGE_STANDARD = gnu11;
				GCC_NO_COMMON_BLOCKS = YES;
				GCC_WARN_64_TO_32_BIT_CONVERSION = YES;
				GCC_WARN_ABOUT_RETURN_TYPE = YES_ERROR;
				GCC_WARN_UNDECLARED_SELECTOR = YES;
				GCC_WARN_UNINITIALIZED_AUTOS = YES_AGGRESSIVE;
				GCC_WARN_UNUSED_FUNCTION = YES;
				GCC_WARN_UNUSED_VARIABLE = YES;
				IPHONEOS_DEPLOYMENT_TARGET = 15.0;
				MTL_ENABLE_DEBUG_INFO = NO;
				MTL_FAST_MATH = YES;
				SDKROOT = iphoneos;
				SWIFT_COMPILATION_MODE = wholemodule;
				SWIFT_OPTIMIZATION_LEVEL = "-O";
				VALIDATE_PRODUCT = YES;
			};
			name = Release;
		};
		A36622C6290112F7006B9E4C /* Debug */ = {
			isa = XCBuildConfiguration;
			buildSettings = {
				ASSETCATALOG_COMPILER_APPICON_NAME = AppIcon;
				ASSETCATALOG_COMPILER_GLOBAL_ACCENT_COLOR_NAME = AccentColor;
				CODE_SIGN_STYLE = Automatic;
				CURRENT_PROJECT_VERSION = 1;
				DEVELOPMENT_TEAM = T7928YUM2A;
				GENERATE_INFOPLIST_FILE = YES;
				INFOPLIST_FILE = TheMovieDB/Common/Info.plist;
				INFOPLIST_KEY_UIApplicationSupportsIndirectInputEvents = YES;
				INFOPLIST_KEY_UILaunchStoryboardName = LaunchScreen;
				INFOPLIST_KEY_UISupportedInterfaceOrientations = UIInterfaceOrientationPortrait;
				INFOPLIST_KEY_UISupportedInterfaceOrientations_iPad = "UIInterfaceOrientationPortrait UIInterfaceOrientationPortraitUpsideDown UIInterfaceOrientationLandscapeLeft UIInterfaceOrientationLandscapeRight";
				INFOPLIST_KEY_UISupportedInterfaceOrientations_iPhone = "UIInterfaceOrientationPortrait UIInterfaceOrientationLandscapeLeft UIInterfaceOrientationLandscapeRight";
				IPHONEOS_DEPLOYMENT_TARGET = 12.0;
				LD_RUNPATH_SEARCH_PATHS = (
					"$(inherited)",
					"@executable_path/Frameworks",
				);
				MARKETING_VERSION = 1.0;
				PRODUCT_BUNDLE_IDENTIFIER = nafie.TheMovieDB;
				PRODUCT_NAME = "$(TARGET_NAME)";
				SWIFT_EMIT_LOC_STRINGS = YES;
				SWIFT_VERSION = 5.0;
				TARGETED_DEVICE_FAMILY = 1;
			};
			name = Debug;
		};
		A36622C7290112F7006B9E4C /* Release */ = {
			isa = XCBuildConfiguration;
			buildSettings = {
				ASSETCATALOG_COMPILER_APPICON_NAME = AppIcon;
				ASSETCATALOG_COMPILER_GLOBAL_ACCENT_COLOR_NAME = AccentColor;
				CODE_SIGN_STYLE = Automatic;
				CURRENT_PROJECT_VERSION = 1;
				DEVELOPMENT_TEAM = T7928YUM2A;
				GENERATE_INFOPLIST_FILE = YES;
				INFOPLIST_FILE = TheMovieDB/Common/Info.plist;
				INFOPLIST_KEY_UIApplicationSupportsIndirectInputEvents = YES;
				INFOPLIST_KEY_UILaunchStoryboardName = LaunchScreen;
				INFOPLIST_KEY_UISupportedInterfaceOrientations = UIInterfaceOrientationPortrait;
				INFOPLIST_KEY_UISupportedInterfaceOrientations_iPad = "UIInterfaceOrientationPortrait UIInterfaceOrientationPortraitUpsideDown UIInterfaceOrientationLandscapeLeft UIInterfaceOrientationLandscapeRight";
				INFOPLIST_KEY_UISupportedInterfaceOrientations_iPhone = "UIInterfaceOrientationPortrait UIInterfaceOrientationLandscapeLeft UIInterfaceOrientationLandscapeRight";
				IPHONEOS_DEPLOYMENT_TARGET = 12.0;
				LD_RUNPATH_SEARCH_PATHS = (
					"$(inherited)",
					"@executable_path/Frameworks",
				);
				MARKETING_VERSION = 1.0;
				PRODUCT_BUNDLE_IDENTIFIER = nafie.TheMovieDB;
				PRODUCT_NAME = "$(TARGET_NAME)";
				SWIFT_EMIT_LOC_STRINGS = YES;
				SWIFT_VERSION = 5.0;
				TARGETED_DEVICE_FAMILY = 1;
			};
			name = Release;
		};
		A36622FB2901DCDE006B9E4C /* Debug */ = {
			isa = XCBuildConfiguration;
			buildSettings = {
				BUNDLE_LOADER = "$(TEST_HOST)";
				CODE_SIGN_STYLE = Automatic;
				CURRENT_PROJECT_VERSION = 1;
				DEVELOPMENT_TEAM = T7928YUM2A;
				GENERATE_INFOPLIST_FILE = YES;
				LD_RUNPATH_SEARCH_PATHS = (
					"$(inherited)",
					"@executable_path/Frameworks",
					"@loader_path/Frameworks",
				);
				MARKETING_VERSION = 1.0;
				PRODUCT_BUNDLE_IDENTIFIER = nafie.TheMovieDBTests;
				PRODUCT_NAME = "$(TARGET_NAME)";
				SWIFT_EMIT_LOC_STRINGS = NO;
				SWIFT_VERSION = 5.0;
				TARGETED_DEVICE_FAMILY = "1,2";
				TEST_HOST = "$(BUILT_PRODUCTS_DIR)/TheMovieDB.app/TheMovieDB";
			};
			name = Debug;
		};
		A36622FC2901DCDE006B9E4C /* Release */ = {
			isa = XCBuildConfiguration;
			buildSettings = {
				BUNDLE_LOADER = "$(TEST_HOST)";
				CODE_SIGN_STYLE = Automatic;
				CURRENT_PROJECT_VERSION = 1;
				DEVELOPMENT_TEAM = T7928YUM2A;
				GENERATE_INFOPLIST_FILE = YES;
				LD_RUNPATH_SEARCH_PATHS = (
					"$(inherited)",
					"@executable_path/Frameworks",
					"@loader_path/Frameworks",
				);
				MARKETING_VERSION = 1.0;
				PRODUCT_BUNDLE_IDENTIFIER = nafie.TheMovieDBTests;
				PRODUCT_NAME = "$(TARGET_NAME)";
				SWIFT_EMIT_LOC_STRINGS = NO;
				SWIFT_VERSION = 5.0;
				TARGETED_DEVICE_FAMILY = "1,2";
				TEST_HOST = "$(BUILT_PRODUCTS_DIR)/TheMovieDB.app/TheMovieDB";
			};
			name = Release;
		};
/* End XCBuildConfiguration section */

/* Begin XCConfigurationList section */
		A36622AC290112F6006B9E4C /* Build configuration list for PBXProject "TheMovieDB" */ = {
			isa = XCConfigurationList;
			buildConfigurations = (
				A36622C3290112F7006B9E4C /* Debug */,
				A36622C4290112F7006B9E4C /* Release */,
			);
			defaultConfigurationIsVisible = 0;
			defaultConfigurationName = Release;
		};
		A36622C5290112F7006B9E4C /* Build configuration list for PBXNativeTarget "TheMovieDB" */ = {
			isa = XCConfigurationList;
			buildConfigurations = (
				A36622C6290112F7006B9E4C /* Debug */,
				A36622C7290112F7006B9E4C /* Release */,
			);
			defaultConfigurationIsVisible = 0;
			defaultConfigurationName = Release;
		};
		A36622FA2901DCDE006B9E4C /* Build configuration list for PBXNativeTarget "TheMovieDBTests" */ = {
			isa = XCConfigurationList;
			buildConfigurations = (
				A36622FB2901DCDE006B9E4C /* Debug */,
				A36622FC2901DCDE006B9E4C /* Release */,
			);
			defaultConfigurationIsVisible = 0;
			defaultConfigurationName = Release;
		};
/* End XCConfigurationList section */

/* Begin XCRemoteSwiftPackageReference section */
		A315D2B4290BA95F0032173C /* XCRemoteSwiftPackageReference "Kingfisher" */ = {
			isa = XCRemoteSwiftPackageReference;
			repositoryURL = "https://github.com/onevcat/Kingfisher.git";
			requirement = {
				kind = upToNextMajorVersion;
				minimumVersion = 7.0.0;
			};
		};
/* End XCRemoteSwiftPackageReference section */

/* Begin XCSwiftPackageProductDependency section */
		A315D2B5290BA95F0032173C /* Kingfisher */ = {
			isa = XCSwiftPackageProductDependency;
			package = A315D2B4290BA95F0032173C /* XCRemoteSwiftPackageReference "Kingfisher" */;
			productName = Kingfisher;
		};
/* End XCSwiftPackageProductDependency section */
	};
	rootObject = A36622A9290112F6006B9E4C /* Project object */;
}
